{
  "object": {
    "pins": [
      {
        "package": "Ambassador",
        "repositoryURL": "https://github.com/tlk/Ambassador",
        "state": {
          "branch": null,
          "revision": "6bbfaaedbbc07b007941a81f76ce63141c22038e",
          "version": "4.0.6"
        }
      },
      {
        "package": "BeoplayRemote",
        "repositoryURL": "https://github.com/tlk/beoplay-macos-remote-cli",
        "state": {
          "branch": null,
          "revision": "901b582c930cc0462b2bce3f486b45b6e6f5d69a",
          "version": "0.3.6"
        }
      },
      {
        "package": "Embassy",
        "repositoryURL": "https://github.com/tlk/Embassy.git",
        "state": {
          "branch": null,
          "revision": "a163f1ef5609a960a90d73e4c3438f8a15a61eab",
          "version": "4.1.1"
        }
      },
      {
        "package": "LineNoise",
        "repositoryURL": "https://github.com/andybest/linenoise-swift",
        "state": {
          "branch": null,
          "revision": "afc897c02b030af7333105c4fedcd843a8339238",
          "version": "0.0.3"
        }
      },
      {
        "package": "Nimble",
        "repositoryURL": "https://github.com/Quick/Nimble.git",
        "state": {
          "branch": null,
          "revision": "e9d769113660769a4d9dd3afb855562c0b7ae7b0",
          "version": "7.3.4"
        }
      },
      {
        "package": "SwiftyJSON",
        "repositoryURL": "https://github.com/IBM-Swift/SwiftyJSON",
        "state": {
          "branch": null,
          "revision": "f9b4754017cfad4701f0838b2e507b442eaca70a",
          "version": "17.0.5"
        }
      }
    ]
  },
  "version": 1
}
