{
  "originHash" : "8df3c0981129e255e7e7759be03a175d7eff4cf9c36f836aa0bb1685ded6bccb",
  "pins" : [
    {
      "identity" : "ambassador",
      "kind" : "remoteSourceControl",
      "location" : "https://github.com/Envoy/Ambassador",
      "state" : {
        "revision" : "447cf56f692999153bd261b1775ea4a58f7f7be9",
        "version" : "4.0.5"
      }
    },
    {
      "identity" : "beoplay-macos-remote-cli",
      "kind" : "remoteSourceControl",
      "location" : "https://github.com/tlk/beoplay-macos-remote-cli",
      "state" : {
        "revision" : "e792885474d1dfe3b2d5e22a5dcbd9e7e3990a42",
        "version" : "0.4.5"
      }
    },
    {
      "identity" : "embassy",
      "kind" : "remoteSourceControl",
      "location" : "https://github.com/envoy/Embassy.git",
      "state" : {
        "revision" : "8469f2c1b334a7c1c3566e2cb2f97826c7cca898",
        "version" : "4.1.6"
      }
    },
    {
      "identity" : "hotkey",
      "kind" : "remoteSourceControl",
      "location" : "https://github.com/soffes/HotKey",
      "state" : {
        "revision" : "a3cf605d7a96f6ff50e04fcb6dea6e2613cfcbe4",
        "version" : "0.2.1"
      }
    },
    {
      "identity" : "linenoise-swift",
      "kind" : "remoteSourceControl",
      "location" : "https://github.com/tlk/linenoise-swift",
      "state" : {
        "revision" : "cbf0a35c6e159e4fe6a03f76c8a17ef08e907b0e",
        "version" : "0.0.4"
      }
    },
    {
      "identity" : "nimble",
      "kind" : "remoteSourceControl",
      "location" : "https://github.com/Quick/Nimble.git",
      "state" : {
        "revision" : "7a46a5fc86cb917f69e3daf79fcb045283d8f008",
        "version" : "8.1.2"
      }
    }
  ],
  "version" : 3
}
